
Microsoft Visual Studio Solution File, Format Version 12.00
# Visual Studio Version 17
VisualStudioVersion = 17.13.35913.81
MinimumVisualStudioVersion = 10.0.40219.1
Project("{FAE04EC0-301F-11D3-BF4B-00C04F79EFBC}") = "Odev07", "Odev07\Odev07.csproj", "{561614C9-5C33-4209-96B0-5DBFFED473DF}"
EndProject
Project("{FAE04EC0-301F-11D3-BF4B-00C04F79EFBC}") = "Odev07W", "Odev07W\Odev07W.csproj", "{7F4512BC-FBD9-41EC-A99F-12E46FE63316}"
EndProject
Global
	GlobalSection(SolutionConfigurationPlatforms) = preSolution
		Debug|Any CPU = Debug|Any CPU
		Release|Any CPU = Release|Any CPU
	EndGlobalSection
	GlobalSection(ProjectConfigurationPlatforms) = postSolution
		{561614C9-5C33-4209-96B0-5DBFFED473DF}.Debug|Any CPU.ActiveCfg = Debug|Any CPU
		{561614C9-5C33-4209-96B0-5DBFFED473DF}.Debug|Any CPU.Build.0 = Debug|Any CPU
		{561614C9-5C33-4209-96B0-5DBFFED473DF}.Release|Any CPU.ActiveCfg = Release|Any CPU
		{561614C9-5C33-4209-96B0-5DBFFED473DF}.Release|Any CPU.Build.0 = Release|Any CPU
		{7F4512BC-FBD9-41EC-A99F-12E46FE63316}.Debug|Any CPU.ActiveCfg = Debug|Any CPU
		{7F4512BC-FBD9-41EC-A99F-12E46FE63316}.Debug|Any CPU.Build.0 = Debug|Any CPU
		{7F4512BC-FBD9-41EC-A99F-12E46FE63316}.Release|Any CPU.ActiveCfg = Release|Any CPU
		{7F4512BC-FBD9-41EC-A99F-12E46FE63316}.Release|Any CPU.Build.0 = Release|Any CPU
	EndGlobalSection
	GlobalSection(SolutionProperties) = preSolution
		HideSolutionNode = FALSE
	EndGlobalSection
	GlobalSection(ExtensibilityGlobals) = postSolution
		SolutionGuid = {8D23467D-556D-4663-B227-A24E6150519B}
	EndGlobalSection
EndGlobal
